
Microsoft Visual Studio Solution File, Format Version 12.00
# Visual Studio Version 16
VisualStudioVersion = 16.0.30804.86
MinimumVisualStudioVersion = 10.0.40219.1
Project("{9A19103F-16F7-4668-BE54-9A1E7A4F7556}") = "KampIntro", "KampIntro\KampIntro.csproj", "{A3C83E05-1852-45F5-BBAA-80F7CF7137E1}"
EndProject
Project("{9A19103F-16F7-4668-BE54-9A1E7A4F7556}") = "Donguler", "Donguler\Donguler.csproj", "{31116E60-62F3-46B3-AE60-6AB37D13FD36}"
EndProject
Project("{9A19103F-16F7-4668-BE54-9A1E7A4F7556}") = "ClassIntro", "ClassIntro\ClassIntro.csproj", "{E54C5309-D129-4678-A7BC-816BDF5E5051}"
EndProject
Project("{9A19103F-16F7-4668-BE54-9A1E7A4F7556}") = "Metotlar", "Metotlar\Metotlar.csproj", "{959031DE-0975-4B48-90BD-A10A8FD0FA65}"
EndProject
Project("{9A19103F-16F7-4668-BE54-9A1E7A4F7556}") = "Matematik", "Matematik\Matematik.csproj", "{92A02FA0-9470-4DB6-A01A-ED0E89CE44FD}"
EndProject
Project("{9A19103F-16F7-4668-BE54-9A1E7A4F7556}") = "DegerVeReferansTipler", "DegerVeReferansTipler\DegerVeReferansTipler.csproj", "{BAD70AA1-1E45-4B46-B2EC-9C7E0804222B}"
EndProject
Project("{9A19103F-16F7-4668-BE54-9A1E7A4F7556}") = "ClassMetotDemo", "ClassMetotDemo\ClassMetotDemo.csproj", "{C3C65FD6-5BB7-4C92-855F-EA8CF35F804C}"
EndProject
Project("{9A19103F-16F7-4668-BE54-9A1E7A4F7556}") = "OOP1", "OOP1\OOP1.csproj", "{370405D0-681A-4C86-95F5-993747F8063D}"
EndProject
Project("{9A19103F-16F7-4668-BE54-9A1E7A4F7556}") = "Koleksiyonlar", "Koleksiyonlar\Koleksiyonlar.csproj", "{2CA37E43-7892-4004-84F4-EC51D07D168E}"
EndProject
Project("{9A19103F-16F7-4668-BE54-9A1E7A4F7556}") = "GenericsIntro", "GenericsIntro\GenericsIntro.csproj", "{D40726C9-E2F4-4F32-B12A-FC550B437417}"
EndProject
Project("{9A19103F-16F7-4668-BE54-9A1E7A4F7556}") = "Hafta4Odev", "Hafta4Odev\Hafta4Odev.csproj", "{C93C26F7-6E0D-4521-90DC-237DBE9F2FD7}"
EndProject
Project("{9A19103F-16F7-4668-BE54-9A1E7A4F7556}") = "OOP2", "OOP2\OOP2.csproj", "{4BD554DD-DDD5-4DA5-831A-5ACDC96CC6E8}"
EndProject
Project("{9A19103F-16F7-4668-BE54-9A1E7A4F7556}") = "OOP3", "OOP3\OOP3.csproj", "{8C8115A3-C1A8-42F4-8FAA-19557524C6EC}"
EndProject
Project("{FAE04EC0-301F-11D3-BF4B-00C04F79EFBC}") = "GameProject", "GameProject\GameProject.csproj", "{F5B956AC-67EE-4354-927E-9763D1F25033}"
EndProject
Global
	GlobalSection(SolutionConfigurationPlatforms) = preSolution
		Debug|Any CPU = Debug|Any CPU
		Release|Any CPU = Release|Any CPU
	EndGlobalSection
	GlobalSection(ProjectConfigurationPlatforms) = postSolution
		{A3C83E05-1852-45F5-BBAA-80F7CF7137E1}.Debug|Any CPU.ActiveCfg = Debug|Any CPU
		{A3C83E05-1852-45F5-BBAA-80F7CF7137E1}.Debug|Any CPU.Build.0 = Debug|Any CPU
		{A3C83E05-1852-45F5-BBAA-80F7CF7137E1}.Release|Any CPU.ActiveCfg = Release|Any CPU
		{A3C83E05-1852-45F5-BBAA-80F7CF7137E1}.Release|Any CPU.Build.0 = Release|Any CPU
		{31116E60-62F3-46B3-AE60-6AB37D13FD36}.Debug|Any CPU.ActiveCfg = Debug|Any CPU
		{31116E60-62F3-46B3-AE60-6AB37D13FD36}.Debug|Any CPU.Build.0 = Debug|Any CPU
		{31116E60-62F3-46B3-AE60-6AB37D13FD36}.Release|Any CPU.ActiveCfg = Release|Any CPU
		{31116E60-62F3-46B3-AE60-6AB37D13FD36}.Release|Any CPU.Build.0 = Release|Any CPU
		{E54C5309-D129-4678-A7BC-816BDF5E5051}.Debug|Any CPU.ActiveCfg = Debug|Any CPU
		{E54C5309-D129-4678-A7BC-816BDF5E5051}.Debug|Any CPU.Build.0 = Debug|Any CPU
		{E54C5309-D129-4678-A7BC-816BDF5E5051}.Release|Any CPU.ActiveCfg = Release|Any CPU
		{E54C5309-D129-4678-A7BC-816BDF5E5051}.Release|Any CPU.Build.0 = Release|Any CPU
		{959031DE-0975-4B48-90BD-A10A8FD0FA65}.Debug|Any CPU.ActiveCfg = Debug|Any CPU
		{959031DE-0975-4B48-90BD-A10A8FD0FA65}.Debug|Any CPU.Build.0 = Debug|Any CPU
		{959031DE-0975-4B48-90BD-A10A8FD0FA65}.Release|Any CPU.ActiveCfg = Release|Any CPU
		{959031DE-0975-4B48-90BD-A10A8FD0FA65}.Release|Any CPU.Build.0 = Release|Any CPU
		{92A02FA0-9470-4DB6-A01A-ED0E89CE44FD}.Debug|Any CPU.ActiveCfg = Debug|Any CPU
		{92A02FA0-9470-4DB6-A01A-ED0E89CE44FD}.Debug|Any CPU.Build.0 = Debug|Any CPU
		{92A02FA0-9470-4DB6-A01A-ED0E89CE44FD}.Release|Any CPU.ActiveCfg = Release|Any CPU
		{92A02FA0-9470-4DB6-A01A-ED0E89CE44FD}.Release|Any CPU.Build.0 = Release|Any CPU
		{BAD70AA1-1E45-4B46-B2EC-9C7E0804222B}.Debug|Any CPU.ActiveCfg = Debug|Any CPU
		{BAD70AA1-1E45-4B46-B2EC-9C7E0804222B}.Debug|Any CPU.Build.0 = Debug|Any CPU
		{BAD70AA1-1E45-4B46-B2EC-9C7E0804222B}.Release|Any CPU.ActiveCfg = Release|Any CPU
		{BAD70AA1-1E45-4B46-B2EC-9C7E0804222B}.Release|Any CPU.Build.0 = Release|Any CPU
		{C3C65FD6-5BB7-4C92-855F-EA8CF35F804C}.Debug|Any CPU.ActiveCfg = Debug|Any CPU
		{C3C65FD6-5BB7-4C92-855F-EA8CF35F804C}.Debug|Any CPU.Build.0 = Debug|Any CPU
		{C3C65FD6-5BB7-4C92-855F-EA8CF35F804C}.Release|Any CPU.ActiveCfg = Release|Any CPU
		{C3C65FD6-5BB7-4C92-855F-EA8CF35F804C}.Release|Any CPU.Build.0 = Release|Any CPU
		{370405D0-681A-4C86-95F5-993747F8063D}.Debug|Any CPU.ActiveCfg = Debug|Any CPU
		{370405D0-681A-4C86-95F5-993747F8063D}.Debug|Any CPU.Build.0 = Debug|Any CPU
		{370405D0-681A-4C86-95F5-993747F8063D}.Release|Any CPU.ActiveCfg = Release|Any CPU
		{370405D0-681A-4C86-95F5-993747F8063D}.Release|Any CPU.Build.0 = Release|Any CPU
		{2CA37E43-7892-4004-84F4-EC51D07D168E}.Debug|Any CPU.ActiveCfg = Debug|Any CPU
		{2CA37E43-7892-4004-84F4-EC51D07D168E}.Debug|Any CPU.Build.0 = Debug|Any CPU
		{2CA37E43-7892-4004-84F4-EC51D07D168E}.Release|Any CPU.ActiveCfg = Release|Any CPU
		{2CA37E43-7892-4004-84F4-EC51D07D168E}.Release|Any CPU.Build.0 = Release|Any CPU
		{D40726C9-E2F4-4F32-B12A-FC550B437417}.Debug|Any CPU.ActiveCfg = Debug|Any CPU
		{D40726C9-E2F4-4F32-B12A-FC550B437417}.Debug|Any CPU.Build.0 = Debug|Any CPU
		{D40726C9-E2F4-4F32-B12A-FC550B437417}.Release|Any CPU.ActiveCfg = Release|Any CPU
		{D40726C9-E2F4-4F32-B12A-FC550B437417}.Release|Any CPU.Build.0 = Release|Any CPU
		{C93C26F7-6E0D-4521-90DC-237DBE9F2FD7}.Debug|Any CPU.ActiveCfg = Debug|Any CPU
		{C93C26F7-6E0D-4521-90DC-237DBE9F2FD7}.Debug|Any CPU.Build.0 = Debug|Any CPU
		{C93C26F7-6E0D-4521-90DC-237DBE9F2FD7}.Release|Any CPU.ActiveCfg = Release|Any CPU
		{C93C26F7-6E0D-4521-90DC-237DBE9F2FD7}.Release|Any CPU.Build.0 = Release|Any CPU
		{4BD554DD-DDD5-4DA5-831A-5ACDC96CC6E8}.Debug|Any CPU.ActiveCfg = Debug|Any CPU
		{4BD554DD-DDD5-4DA5-831A-5ACDC96CC6E8}.Debug|Any CPU.Build.0 = Debug|Any CPU
		{4BD554DD-DDD5-4DA5-831A-5ACDC96CC6E8}.Release|Any CPU.ActiveCfg = Release|Any CPU
		{4BD554DD-DDD5-4DA5-831A-5ACDC96CC6E8}.Release|Any CPU.Build.0 = Release|Any CPU
		{8C8115A3-C1A8-42F4-8FAA-19557524C6EC}.Debug|Any CPU.ActiveCfg = Debug|Any CPU
		{8C8115A3-C1A8-42F4-8FAA-19557524C6EC}.Debug|Any CPU.Build.0 = Debug|Any CPU
		{8C8115A3-C1A8-42F4-8FAA-19557524C6EC}.Release|Any CPU.ActiveCfg = Release|Any CPU
		{8C8115A3-C1A8-42F4-8FAA-19557524C6EC}.Release|Any CPU.Build.0 = Release|Any CPU
		{F5B956AC-67EE-4354-927E-9763D1F25033}.Debug|Any CPU.ActiveCfg = Debug|Any CPU
		{F5B956AC-67EE-4354-927E-9763D1F25033}.Debug|Any CPU.Build.0 = Debug|Any CPU
		{F5B956AC-67EE-4354-927E-9763D1F25033}.Release|Any CPU.ActiveCfg = Release|Any CPU
		{F5B956AC-67EE-4354-927E-9763D1F25033}.Release|Any CPU.Build.0 = Release|Any CPU
	EndGlobalSection
	GlobalSection(SolutionProperties) = preSolution
		HideSolutionNode = FALSE
	EndGlobalSection
	GlobalSection(ExtensibilityGlobals) = postSolution
		SolutionGuid = {D4AA6048-6063-4788-8DFA-974B85EF57D6}
	EndGlobalSection
EndGlobal
